
Microsoft Visual Studio Solution File, Format Version 12.00
# Visual Studio Version 17
VisualStudioVersion = 17.10.35027.167
MinimumVisualStudioVersion = 10.0.40219.1
Project("{9A19103F-16F7-4668-BE54-9A1E7A4F7556}") = "SqlParser.Net", "SqlParser.Net\SqlParser.Net.csproj", "{C9EF327B-6E58-4252-BC43-EF1A424F45A3}"
EndProject
Project("{9A19103F-16F7-4668-BE54-9A1E7A4F7556}") = "SqlParser.Net.Test", "SqlParser.Net.Test\SqlParser.Net.Test.csproj", "{48F81580-E493-419B-8275-69D9BFC7B90D}"
EndProject
Project("{FAE04EC0-301F-11D3-BF4B-00C04F79EFBC}") = "Demo", "Demo\Demo.csproj", "{A1842A7F-9B8C-49B6-BAB3-1A795CBD00FC}"
EndProject
Global
	GlobalSection(SolutionConfigurationPlatforms) = preSolution
		Debug|Any CPU = Debug|Any CPU
		Release|Any CPU = Release|Any CPU
	EndGlobalSection
	GlobalSection(ProjectConfigurationPlatforms) = postSolution
		{C9EF327B-6E58-4252-BC43-EF1A424F45A3}.Debug|Any CPU.ActiveCfg = Debug|Any CPU
		{C9EF327B-6E58-4252-BC43-EF1A424F45A3}.Debug|Any CPU.Build.0 = Debug|Any CPU
		{C9EF327B-6E58-4252-BC43-EF1A424F45A3}.Release|Any CPU.ActiveCfg = Release|Any CPU
		{C9EF327B-6E58-4252-BC43-EF1A424F45A3}.Release|Any CPU.Build.0 = Release|Any CPU
		{48F81580-E493-419B-8275-69D9BFC7B90D}.Debug|Any CPU.ActiveCfg = Debug|Any CPU
		{48F81580-E493-419B-8275-69D9BFC7B90D}.Debug|Any CPU.Build.0 = Debug|Any CPU
		{48F81580-E493-419B-8275-69D9BFC7B90D}.Release|Any CPU.ActiveCfg = Release|Any CPU
		{48F81580-E493-419B-8275-69D9BFC7B90D}.Release|Any CPU.Build.0 = Release|Any CPU
		{A1842A7F-9B8C-49B6-BAB3-1A795CBD00FC}.Debug|Any CPU.ActiveCfg = Debug|Any CPU
		{A1842A7F-9B8C-49B6-BAB3-1A795CBD00FC}.Debug|Any CPU.Build.0 = Debug|Any CPU
		{A1842A7F-9B8C-49B6-BAB3-1A795CBD00FC}.Release|Any CPU.ActiveCfg = Release|Any CPU
		{A1842A7F-9B8C-49B6-BAB3-1A795CBD00FC}.Release|Any CPU.Build.0 = Release|Any CPU
	EndGlobalSection
	GlobalSection(SolutionProperties) = preSolution
		HideSolutionNode = FALSE
	EndGlobalSection
	GlobalSection(ExtensibilityGlobals) = postSolution
		SolutionGuid = {0040FDA9-801B-4DBC-BB36-7257D0714F69}
	EndGlobalSection
EndGlobal
